
Microsoft Visual Studio Solution File, Format Version 12.00
# Visual Studio Version 17
VisualStudioVersion = 17.0.32014.148
MinimumVisualStudioVersion = 10.0.40219.1
Project("{FAE04EC0-301F-11D3-BF4B-00C04F79EFBC}") = "SheCollectionBE", "SheCollectionBE\SheCollectionBE.csproj", "{CBF12CB4-452D-4010-9A97-1A7F02A456BC}"
EndProject
Global
	GlobalSection(SolutionConfigurationPlatforms) = preSolution
		Debug|Any CPU = Debug|Any CPU
		Release|Any CPU = Release|Any CPU
	EndGlobalSection
	GlobalSection(ProjectConfigurationPlatforms) = postSolution
		{CBF12CB4-452D-4010-9A97-1A7F02A456BC}.Debug|Any CPU.ActiveCfg = Debug|Any CPU
		{CBF12CB4-452D-4010-9A97-1A7F02A456BC}.Debug|Any CPU.Build.0 = Debug|Any CPU
		{CBF12CB4-452D-4010-9A97-1A7F02A456BC}.Release|Any CPU.ActiveCfg = Release|Any CPU
		{CBF12CB4-452D-4010-9A97-1A7F02A456BC}.Release|Any CPU.Build.0 = Release|Any CPU
	EndGlobalSection
	GlobalSection(SolutionProperties) = preSolution
		HideSolutionNode = FALSE
	EndGlobalSection
	GlobalSection(ExtensibilityGlobals) = postSolution
		SolutionGuid = {44FA3101-BC71-4F57-93B2-42137209739C}
	EndGlobalSection
EndGlobal
